// !$*UTF8*$!
{
	archiveVersion = 1;
	classes = {
	};
	objectVersion = 56;
	objects = {

/* Begin PBXBuildFile section */
		3892409B29A187260005AA3D /* ThreeForDieApp.swift in Sources */ = {isa = PBXBuildFile; fileRef = 3892409A29A187260005AA3D /* ThreeForDieApp.swift */; };
		3892409F29A187260005AA3D /* Assets.xcassets in Resources */ = {isa = PBXBuildFile; fileRef = 3892409E29A187260005AA3D /* Assets.xcassets */; };
		389240A329A187260005AA3D /* Preview Assets.xcassets in Resources */ = {isa = PBXBuildFile; fileRef = 389240A229A187260005AA3D /* Preview Assets.xcassets */; };
		389240AB29A18CD80005AA3D /* FirebaseAuth in Frameworks */ = {isa = PBXBuildFile; productRef = 389240AA29A18CD80005AA3D /* FirebaseAuth */; };
		389240AD29A18CD80005AA3D /* FirebaseFirestore in Frameworks */ = {isa = PBXBuildFile; productRef = 389240AC29A18CD80005AA3D /* FirebaseFirestore */; };
		389240AF29A18CD80005AA3D /* FirebaseStorage in Frameworks */ = {isa = PBXBuildFile; productRef = 389240AE29A18CD80005AA3D /* FirebaseStorage */; };
		389240B129A18DC80005AA3D /* GoogleService-Info.plist in Resources */ = {isa = PBXBuildFile; fileRef = 389240B029A18DC80005AA3D /* GoogleService-Info.plist */; };
		389240B529A19D170005AA3D /* TabView.swift in Sources */ = {isa = PBXBuildFile; fileRef = 389240B429A19D170005AA3D /* TabView.swift */; };
		389240B929A1B2280005AA3D /* UserAPI.swift in Sources */ = {isa = PBXBuildFile; fileRef = 389240B829A1B2280005AA3D /* UserAPI.swift */; };
		389240BC29A1B3960005AA3D /* User.swift in Sources */ = {isa = PBXBuildFile; fileRef = 389240BB29A1B3960005AA3D /* User.swift */; };
/* End PBXBuildFile section */

/* Begin PBXFileReference section */
		3892409729A187260005AA3D /* Three For Die.app */ = {isa = PBXFileReference; explicitFileType = wrapper.application; includeInIndex = 0; path = "Three For Die.app"; sourceTree = BUILT_PRODUCTS_DIR; };
		3892409A29A187260005AA3D /* ThreeForDieApp.swift */ = {isa = PBXFileReference; lastKnownFileType = sourcecode.swift; path = ThreeForDieApp.swift; sourceTree = "<group>"; };
		3892409E29A187260005AA3D /* Assets.xcassets */ = {isa = PBXFileReference; lastKnownFileType = folder.assetcatalog; path = Assets.xcassets; sourceTree = "<group>"; };
		389240A029A187260005AA3D /* Three_For_Die.entitlements */ = {isa = PBXFileReference; lastKnownFileType = text.plist.entitlements; path = Three_For_Die.entitlements; sourceTree = "<group>"; };
		389240A229A187260005AA3D /* Preview Assets.xcassets */ = {isa = PBXFileReference; lastKnownFileType = folder.assetcatalog; path = "Preview Assets.xcassets"; sourceTree = "<group>"; };
		389240B029A18DC80005AA3D /* GoogleService-Info.plist */ = {isa = PBXFileReference; fileEncoding = 4; lastKnownFileType = text.plist.xml; path = "GoogleService-Info.plist"; sourceTree = "<group>"; };
		389240B429A19D170005AA3D /* TabView.swift */ = {isa = PBXFileReference; lastKnownFileType = sourcecode.swift; path = TabView.swift; sourceTree = "<group>"; };
		389240B829A1B2280005AA3D /* UserAPI.swift */ = {isa = PBXFileReference; lastKnownFileType = sourcecode.swift; path = UserAPI.swift; sourceTree = "<group>"; };
		389240BB29A1B3960005AA3D /* User.swift */ = {isa = PBXFileReference; lastKnownFileType = sourcecode.swift; path = User.swift; sourceTree = "<group>"; };
/* End PBXFileReference section */

/* Begin PBXFrameworksBuildPhase section */
		3892409429A187260005AA3D /* Frameworks */ = {
			isa = PBXFrameworksBuildPhase;
			buildActionMask = 2147483647;
			files = (
				389240AB29A18CD80005AA3D /* FirebaseAuth in Frameworks */,
				389240AD29A18CD80005AA3D /* FirebaseFirestore in Frameworks */,
				389240AF29A18CD80005AA3D /* FirebaseStorage in Frameworks */,
			);
			runOnlyForDeploymentPostprocessing = 0;
		};
/* End PBXFrameworksBuildPhase section */

/* Begin PBXGroup section */
		3892408E29A187260005AA3D = {
			isa = PBXGroup;
			children = (
				3892409929A187260005AA3D /* Three For Die */,
				3892409829A187260005AA3D /* Products */,
			);
			sourceTree = "<group>";
		};
		3892409829A187260005AA3D /* Products */ = {
			isa = PBXGroup;
			children = (
				3892409729A187260005AA3D /* Three For Die.app */,
			);
			name = Products;
			sourceTree = "<group>";
		};
		3892409929A187260005AA3D /* Three For Die */ = {
			isa = PBXGroup;
			children = (
				389240BA29A1B3900005AA3D /* Models */,
				389240B729A1A8680005AA3D /* API */,
				389240B029A18DC80005AA3D /* GoogleService-Info.plist */,
				3892409A29A187260005AA3D /* ThreeForDieApp.swift */,
				389240B229A19CA80005AA3D /* Views */,
				3892409E29A187260005AA3D /* Assets.xcassets */,
				389240A029A187260005AA3D /* Three_For_Die.entitlements */,
				389240A129A187260005AA3D /* Preview Content */,
			);
			path = "Three For Die";
			sourceTree = "<group>";
		};
		389240A129A187260005AA3D /* Preview Content */ = {
			isa = PBXGroup;
			children = (
				389240A229A187260005AA3D /* Preview Assets.xcassets */,
			);
			path = "Preview Content";
			sourceTree = "<group>";
		};
		389240B229A19CA80005AA3D /* Views */ = {
			isa = PBXGroup;
			children = (
				389240B329A19CE70005AA3D /* TabView */,
			);
			path = Views;
			sourceTree = "<group>";
		};
		389240B329A19CE70005AA3D /* TabView */ = {
			isa = PBXGroup;
			children = (
				389240B429A19D170005AA3D /* TabView.swift */,
			);
			path = TabView;
			sourceTree = "<group>";
		};
		389240B729A1A8680005AA3D /* API */ = {
			isa = PBXGroup;
			children = (
				389240B829A1B2280005AA3D /* UserAPI.swift */,
			);
			path = API;
			sourceTree = "<group>";
		};
		389240BA29A1B3900005AA3D /* Models */ = {
			isa = PBXGroup;
			children = (
				389240BB29A1B3960005AA3D /* User.swift */,
			);
			path = Models;
			sourceTree = "<group>";
		};
/* End PBXGroup section */

/* Begin PBXNativeTarget section */
		3892409629A187260005AA3D /* Three For Die */ = {
			isa = PBXNativeTarget;
			buildConfigurationList = 389240A629A187260005AA3D /* Build configuration list for PBXNativeTarget "Three For Die" */;
			buildPhases = (
				3892409329A187260005AA3D /* Sources */,
				3892409429A187260005AA3D /* Frameworks */,
				3892409529A187260005AA3D /* Resources */,
			);
			buildRules = (
			);
			dependencies = (
			);
			name = "Three For Die";
			packageProductDependencies = (
				389240AA29A18CD80005AA3D /* FirebaseAuth */,
				389240AC29A18CD80005AA3D /* FirebaseFirestore */,
				389240AE29A18CD80005AA3D /* FirebaseStorage */,
			);
			productName = "Three For Die";
			productReference = 3892409729A187260005AA3D /* Three For Die.app */;
			productType = "com.apple.product-type.application";
		};
/* End PBXNativeTarget section */

/* Begin PBXProject section */
		3892408F29A187260005AA3D /* Project object */ = {
			isa = PBXProject;
			attributes = {
				BuildIndependentTargetsInParallel = 1;
				LastSwiftUpdateCheck = 1420;
				LastUpgradeCheck = 1420;
				TargetAttributes = {
					3892409629A187260005AA3D = {
						CreatedOnToolsVersion = 14.2;
					};
				};
			};
			buildConfigurationList = 3892409229A187260005AA3D /* Build configuration list for PBXProject "Three For Die" */;
			compatibilityVersion = "Xcode 14.0";
			developmentRegion = en;
			hasScannedForEncodings = 0;
			knownRegions = (
				en,
				Base,
			);
			mainGroup = 3892408E29A187260005AA3D;
			packageReferences = (
				389240A929A18CD80005AA3D /* XCRemoteSwiftPackageReference "firebase-ios-sdk" */,
			);
			productRefGroup = 3892409829A187260005AA3D /* Products */;
			projectDirPath = "";
			projectRoot = "";
			targets = (
				3892409629A187260005AA3D /* Three For Die */,
			);
		};
/* End PBXProject section */

/* Begin PBXResourcesBuildPhase section */
		3892409529A187260005AA3D /* Resources */ = {
			isa = PBXResourcesBuildPhase;
			buildActionMask = 2147483647;
			files = (
				389240A329A187260005AA3D /* Preview Assets.xcassets in Resources */,
				3892409F29A187260005AA3D /* Assets.xcassets in Resources */,
				389240B129A18DC80005AA3D /* GoogleService-Info.plist in Resources */,
			);
			runOnlyForDeploymentPostprocessing = 0;
		};
/* End PBXResourcesBuildPhase section */

/* Begin PBXSourcesBuildPhase section */
		3892409329A187260005AA3D /* Sources */ = {
			isa = PBXSourcesBuildPhase;
			buildActionMask = 2147483647;
			files = (
				389240BC29A1B3960005AA3D /* User.swift in Sources */,
				389240B529A19D170005AA3D /* TabView.swift in Sources */,
				3892409B29A187260005AA3D /* ThreeForDieApp.swift in Sources */,
				389240B929A1B2280005AA3D /* UserAPI.swift in Sources */,
			);
			runOnlyForDeploymentPostprocessing = 0;
		};
/* End PBXSourcesBuildPhase section */

/* Begin XCBuildConfiguration section */
		389240A429A187260005AA3D /* Debug */ = {
			isa = XCBuildConfiguration;
			buildSettings = {
				ALWAYS_SEARCH_USER_PATHS = NO;
				CLANG_ANALYZER_NONNULL = YES;
				CLANG_ANALYZER_NUMBER_OBJECT_CONVERSION = YES_AGGRESSIVE;
				CLANG_CXX_LANGUAGE_STANDARD = "gnu++20";
				CLANG_ENABLE_MODULES = YES;
				CLANG_ENABLE_OBJC_ARC = YES;
				CLANG_ENABLE_OBJC_WEAK = YES;
				CLANG_WARN_BLOCK_CAPTURE_AUTORELEASING = YES;
				CLANG_WARN_BOOL_CONVERSION = YES;
				CLANG_WARN_COMMA = YES;
				CLANG_WARN_CONSTANT_CONVERSION = YES;
				CLANG_WARN_DEPRECATED_OBJC_IMPLEMENTATIONS = YES;
				CLANG_WARN_DIRECT_OBJC_ISA_USAGE = YES_ERROR;
				CLANG_WARN_DOCUMENTATION_COMMENTS = YES;
				CLANG_WARN_EMPTY_BODY = YES;
				CLANG_WARN_ENUM_CONVERSION = YES;
				CLANG_WARN_INFINITE_RECURSION = YES;
				CLANG_WARN_INT_CONVERSION = YES;
				CLANG_WARN_NON_LITERAL_NULL_CONVERSION = YES;
				CLANG_WARN_OBJC_IMPLICIT_RETAIN_SELF = YES;
				CLANG_WARN_OBJC_LITERAL_CONVERSION = YES;
				CLANG_WARN_OBJC_ROOT_CLASS = YES_ERROR;
				CLANG_WARN_QUOTED_INCLUDE_IN_FRAMEWORK_HEADER = YES;
				CLANG_WARN_RANGE_LOOP_ANALYSIS = YES;
				CLANG_WARN_STRICT_PROTOTYPES = YES;
				CLANG_WARN_SUSPICIOUS_MOVE = YES;
				CLANG_WARN_UNGUARDED_AVAILABILITY = YES_AGGRESSIVE;
				CLANG_WARN_UNREACHABLE_CODE = YES;
				CLANG_WARN__DUPLICATE_METHOD_MATCH = YES;
				COPY_PHASE_STRIP = NO;
				DEBUG_INFORMATION_FORMAT = dwarf;
				ENABLE_STRICT_OBJC_MSGSEND = YES;
				ENABLE_TESTABILITY = YES;
				GCC_C_LANGUAGE_STANDARD = gnu11;
				GCC_DYNAMIC_NO_PIC = NO;
				GCC_NO_COMMON_BLOCKS = YES;
				GCC_OPTIMIZATION_LEVEL = 0;
				GCC_PREPROCESSOR_DEFINITIONS = (
					"DEBUG=1",
					"$(inherited)",
				);
				GCC_WARN_64_TO_32_BIT_CONVERSION = YES;
				GCC_WARN_ABOUT_RETURN_TYPE = YES_ERROR;
				GCC_WARN_UNDECLARED_SELECTOR = YES;
				GCC_WARN_UNINITIALIZED_AUTOS = YES_AGGRESSIVE;
				GCC_WARN_UNUSED_FUNCTION = YES;
				GCC_WARN_UNUSED_VARIABLE = YES;
				MTL_ENABLE_DEBUG_INFO = INCLUDE_SOURCE;
				MTL_FAST_MATH = YES;
				ONLY_ACTIVE_ARCH = YES;
				SWIFT_ACTIVE_COMPILATION_CONDITIONS = DEBUG;
				SWIFT_OPTIMIZATION_LEVEL = "-Onone";
			};
			name = Debug;
		};
		389240A529A187260005AA3D /* Release */ = {
			isa = XCBuildConfiguration;
			buildSettings = {
				ALWAYS_SEARCH_USER_PATHS = NO;
				CLANG_ANALYZER_NONNULL = YES;
				CLANG_ANALYZER_NUMBER_OBJECT_CONVERSION = YES_AGGRESSIVE;
				CLANG_CXX_LANGUAGE_STANDARD = "gnu++20";
				CLANG_ENABLE_MODULES = YES;
				CLANG_ENABLE_OBJC_ARC = YES;
				CLANG_ENABLE_OBJC_WEAK = YES;
				CLANG_WARN_BLOCK_CAPTURE_AUTORELEASING = YES;
				CLANG_WARN_BOOL_CONVERSION = YES;
				CLANG_WARN_COMMA = YES;
				CLANG_WARN_CONSTANT_CONVERSION = YES;
				CLANG_WARN_DEPRECATED_OBJC_IMPLEMENTATIONS = YES;
				CLANG_WARN_DIRECT_OBJC_ISA_USAGE = YES_ERROR;
				CLANG_WARN_DOCUMENTATION_COMMENTS = YES;
				CLANG_WARN_EMPTY_BODY = YES;
				CLANG_WARN_ENUM_CONVERSION = YES;
				CLANG_WARN_INFINITE_RECURSION = YES;
				CLANG_WARN_INT_CONVERSION = YES;
				CLANG_WARN_NON_LITERAL_NULL_CONVERSION = YES;
				CLANG_WARN_OBJC_IMPLICIT_RETAIN_SELF = YES;
				CLANG_WARN_OBJC_LITERAL_CONVERSION = YES;
				CLANG_WARN_OBJC_ROOT_CLASS = YES_ERROR;
				CLANG_WARN_QUOTED_INCLUDE_IN_FRAMEWORK_HEADER = YES;
				CLANG_WARN_RANGE_LOOP_ANALYSIS = YES;
				CLANG_WARN_STRICT_PROTOTYPES = YES;
				CLANG_WARN_SUSPICIOUS_MOVE = YES;
				CLANG_WARN_UNGUARDED_AVAILABILITY = YES_AGGRESSIVE;
				CLANG_WARN_UNREACHABLE_CODE = YES;
				CLANG_WARN__DUPLICATE_METHOD_MATCH = YES;
				COPY_PHASE_STRIP = NO;
				DEBUG_INFORMATION_FORMAT = "dwarf-with-dsym";
				ENABLE_NS_ASSERTIONS = NO;
				ENABLE_STRICT_OBJC_MSGSEND = YES;
				GCC_C_LANGUAGE_STANDARD = gnu11;
				GCC_NO_COMMON_BLOCKS = YES;
				GCC_WARN_64_TO_32_BIT_CONVERSION = YES;
				GCC_WARN_ABOUT_RETURN_TYPE = YES_ERROR;
				GCC_WARN_UNDECLARED_SELECTOR = YES;
				GCC_WARN_UNINITIALIZED_AUTOS = YES_AGGRESSIVE;
				GCC_WARN_UNUSED_FUNCTION = YES;
				GCC_WARN_UNUSED_VARIABLE = YES;
				MTL_ENABLE_DEBUG_INFO = NO;
				MTL_FAST_MATH = YES;
				SWIFT_COMPILATION_MODE = wholemodule;
				SWIFT_OPTIMIZATION_LEVEL = "-O";
			};
			name = Release;
		};
		389240A729A187260005AA3D /* Debug */ = {
			isa = XCBuildConfiguration;
			buildSettings = {
				ASSETCATALOG_COMPILER_APPICON_NAME = AppIcon;
				ASSETCATALOG_COMPILER_GLOBAL_ACCENT_COLOR_NAME = AccentColor;
				CODE_SIGN_ENTITLEMENTS = "Three For Die/Three_For_Die.entitlements";
				CODE_SIGN_STYLE = Automatic;
				CURRENT_PROJECT_VERSION = 1;
				DEVELOPMENT_ASSET_PATHS = "\"Three For Die/Preview Content\"";
				DEVELOPMENT_TEAM = 5QKJDXHG3V;
				ENABLE_HARDENED_RUNTIME = YES;
				ENABLE_PREVIEWS = YES;
				GENERATE_INFOPLIST_FILE = YES;
				"INFOPLIST_KEY_UIApplicationSceneManifest_Generation[sdk=iphoneos*]" = YES;
				"INFOPLIST_KEY_UIApplicationSceneManifest_Generation[sdk=iphonesimulator*]" = YES;
				"INFOPLIST_KEY_UIApplicationSupportsIndirectInputEvents[sdk=iphoneos*]" = YES;
				"INFOPLIST_KEY_UIApplicationSupportsIndirectInputEvents[sdk=iphonesimulator*]" = YES;
				"INFOPLIST_KEY_UILaunchScreen_Generation[sdk=iphoneos*]" = YES;
				"INFOPLIST_KEY_UILaunchScreen_Generation[sdk=iphonesimulator*]" = YES;
				"INFOPLIST_KEY_UIStatusBarStyle[sdk=iphoneos*]" = UIStatusBarStyleDefault;
				"INFOPLIST_KEY_UIStatusBarStyle[sdk=iphonesimulator*]" = UIStatusBarStyleDefault;
				INFOPLIST_KEY_UISupportedInterfaceOrientations_iPad = "UIInterfaceOrientationPortrait UIInterfaceOrientationPortraitUpsideDown UIInterfaceOrientationLandscapeLeft UIInterfaceOrientationLandscapeRight";
				INFOPLIST_KEY_UISupportedInterfaceOrientations_iPhone = "UIInterfaceOrientationPortrait UIInterfaceOrientationLandscapeLeft UIInterfaceOrientationLandscapeRight";
				IPHONEOS_DEPLOYMENT_TARGET = 15.0;
				LD_RUNPATH_SEARCH_PATHS = "@executable_path/Frameworks";
				"LD_RUNPATH_SEARCH_PATHS[sdk=macosx*]" = "@executable_path/../Frameworks";
				MACOSX_DEPLOYMENT_TARGET = 12.6;
				MARKETING_VERSION = 1.0;
				PRODUCT_BUNDLE_IDENTIFIER = "threefordie.Three-For-Die";
				PRODUCT_NAME = "$(TARGET_NAME)";
				SDKROOT = auto;
				SUPPORTED_PLATFORMS = "iphoneos iphonesimulator macosx";
				SWIFT_EMIT_LOC_STRINGS = YES;
				SWIFT_VERSION = 5.0;
				TARGETED_DEVICE_FAMILY = "1,2";
			};
			name = Debug;
		};
		389240A829A187260005AA3D /* Release */ = {
			isa = XCBuildConfiguration;
			buildSettings = {
				ASSETCATALOG_COMPILER_APPICON_NAME = AppIcon;
				ASSETCATALOG_COMPILER_GLOBAL_ACCENT_COLOR_NAME = AccentColor;
				CODE_SIGN_ENTITLEMENTS = "Three For Die/Three_For_Die.entitlements";
				CODE_SIGN_STYLE = Automatic;
				CURRENT_PROJECT_VERSION = 1;
				DEVELOPMENT_ASSET_PATHS = "\"Three For Die/Preview Content\"";
				DEVELOPMENT_TEAM = 5QKJDXHG3V;
				ENABLE_HARDENED_RUNTIME = YES;
				ENABLE_PREVIEWS = YES;
				GENERATE_INFOPLIST_FILE = YES;
				"INFOPLIST_KEY_UIApplicationSceneManifest_Generation[sdk=iphoneos*]" = YES;
				"INFOPLIST_KEY_UIApplicationSceneManifest_Generation[sdk=iphonesimulator*]" = YES;
				"INFOPLIST_KEY_UIApplicationSupportsIndirectInputEvents[sdk=iphoneos*]" = YES;
				"INFOPLIST_KEY_UIApplicationSupportsIndirectInputEvents[sdk=iphonesimulator*]" = YES;
				"INFOPLIST_KEY_UILaunchScreen_Generation[sdk=iphoneos*]" = YES;
				"INFOPLIST_KEY_UILaunchScreen_Generation[sdk=iphonesimulator*]" = YES;
				"INFOPLIST_KEY_UIStatusBarStyle[sdk=iphoneos*]" = UIStatusBarStyleDefault;
				"INFOPLIST_KEY_UIStatusBarStyle[sdk=iphonesimulator*]" = UIStatusBarStyleDefault;
				INFOPLIST_KEY_UISupportedInterfaceOrientations_iPad = "UIInterfaceOrientationPortrait UIInterfaceOrientationPortraitUpsideDown UIInterfaceOrientationLandscapeLeft UIInterfaceOrientationLandscapeRight";
				INFOPLIST_KEY_UISupportedInterfaceOrientations_iPhone = "UIInterfaceOrientationPortrait UIInterfaceOrientationLandscapeLeft UIInterfaceOrientationLandscapeRight";
				IPHONEOS_DEPLOYMENT_TARGET = 15.0;
				LD_RUNPATH_SEARCH_PATHS = "@executable_path/Frameworks";
				"LD_RUNPATH_SEARCH_PATHS[sdk=macosx*]" = "@executable_path/../Frameworks";
				MACOSX_DEPLOYMENT_TARGET = 12.6;
				MARKETING_VERSION = 1.0;
				PRODUCT_BUNDLE_IDENTIFIER = "threefordie.Three-For-Die";
				PRODUCT_NAME = "$(TARGET_NAME)";
				SDKROOT = auto;
				SUPPORTED_PLATFORMS = "iphoneos iphonesimulator macosx";
				SWIFT_EMIT_LOC_STRINGS = YES;
				SWIFT_VERSION = 5.0;
				TARGETED_DEVICE_FAMILY = "1,2";
			};
			name = Release;
		};
/* End XCBuildConfiguration section */

/* Begin XCConfigurationList section */
		3892409229A187260005AA3D /* Build configuration list for PBXProject "Three For Die" */ = {
			isa = XCConfigurationList;
			buildConfigurations = (
				389240A429A187260005AA3D /* Debug */,
				389240A529A187260005AA3D /* Release */,
			);
			defaultConfigurationIsVisible = 0;
			defaultConfigurationName = Release;
		};
		389240A629A187260005AA3D /* Build configuration list for PBXNativeTarget "Three For Die" */ = {
			isa = XCConfigurationList;
			buildConfigurations = (
				389240A729A187260005AA3D /* Debug */,
				389240A829A187260005AA3D /* Release */,
			);
			defaultConfigurationIsVisible = 0;
			defaultConfigurationName = Release;
		};
/* End XCConfigurationList section */

/* Begin XCRemoteSwiftPackageReference section */
		389240A929A18CD80005AA3D /* XCRemoteSwiftPackageReference "firebase-ios-sdk" */ = {
			isa = XCRemoteSwiftPackageReference;
			repositoryURL = "https://github.com/firebase/firebase-ios-sdk";
			requirement = {
				kind = upToNextMajorVersion;
				minimumVersion = 9.0.0;
			};
		};
/* End XCRemoteSwiftPackageReference section */

/* Begin XCSwiftPackageProductDependency section */
		389240AA29A18CD80005AA3D /* FirebaseAuth */ = {
			isa = XCSwiftPackageProductDependency;
			package = 389240A929A18CD80005AA3D /* XCRemoteSwiftPackageReference "firebase-ios-sdk" */;
			productName = FirebaseAuth;
		};
		389240AC29A18CD80005AA3D /* FirebaseFirestore */ = {
			isa = XCSwiftPackageProductDependency;
			package = 389240A929A18CD80005AA3D /* XCRemoteSwiftPackageReference "firebase-ios-sdk" */;
			productName = FirebaseFirestore;
		};
		389240AE29A18CD80005AA3D /* FirebaseStorage */ = {
			isa = XCSwiftPackageProductDependency;
			package = 389240A929A18CD80005AA3D /* XCRemoteSwiftPackageReference "firebase-ios-sdk" */;
			productName = FirebaseStorage;
		};
/* End XCSwiftPackageProductDependency section */
	};
	rootObject = 3892408F29A187260005AA3D /* Project object */;
}
