// !$*UTF8*$!
{
	archiveVersion = 1;
	classes = {
	};
	objectVersion = 56;
	objects = {

/* Begin PBXBuildFile section */
		3892409B29A187260005AA3D /* ThreeForDieApp.swift in Sources */ = {isa = PBXBuildFile; fileRef = 3892409A29A187260005AA3D /* ThreeForDieApp.swift */; };
		3892409F29A187260005AA3D /* Assets.xcassets in Resources */ = {isa = PBXBuildFile; fileRef = 3892409E29A187260005AA3D /* Assets.xcassets */; };
		389240A329A187260005AA3D /* Preview Assets.xcassets in Resources */ = {isa = PBXBuildFile; fileRef = 389240A229A187260005AA3D /* Preview Assets.xcassets */; };
		389240B529A19D170005AA3D /* MainTabView.swift in Sources */ = {isa = PBXBuildFile; fileRef = 389240B429A19D170005AA3D /* MainTabView.swift */; };
		389240BC29A1B3960005AA3D /* User.swift in Sources */ = {isa = PBXBuildFile; fileRef = 389240BB29A1B3960005AA3D /* User.swift */; };
		389240C029A1B7F40005AA3D /* AddActivityView.swift in Sources */ = {isa = PBXBuildFile; fileRef = 389240BF29A1B7F40005AA3D /* AddActivityView.swift */; };
		389240C329A1EC9D0005AA3D /* Location.swift in Sources */ = {isa = PBXBuildFile; fileRef = 389240C129A1EC9D0005AA3D /* Location.swift */; };
		389240C429A1EC9D0005AA3D /* Event.swift in Sources */ = {isa = PBXBuildFile; fileRef = 389240C229A1EC9D0005AA3D /* Event.swift */; };
		8503FCFC2A52D8A60024F98B /* GroupsView.swift in Sources */ = {isa = PBXBuildFile; fileRef = 8503FCFB2A52D8A60024F98B /* GroupsView.swift */; };
		8503FCFE2A52D95D0024F98B /* GroupRowView.swift in Sources */ = {isa = PBXBuildFile; fileRef = 8503FCFD2A52D95D0024F98B /* GroupRowView.swift */; };
		857353BB2A6522BF00329BB3 /* ActivityRowViewModel.swift in Sources */ = {isa = PBXBuildFile; fileRef = 857353BA2A6522BF00329BB3 /* ActivityRowViewModel.swift */; };
		85A4171B2A56D99100A9096A /* UserService.swift in Sources */ = {isa = PBXBuildFile; fileRef = 85A4171A2A56D99100A9096A /* UserService.swift */; };
		85A9F85E2A54366800D04715 /* ActivityFilters.swift in Sources */ = {isa = PBXBuildFile; fileRef = 85A9F85D2A54366800D04715 /* ActivityFilters.swift */; };
		85ACFF912A6E89790050D7D5 /* MessagesViewModel.swift in Sources */ = {isa = PBXBuildFile; fileRef = 85ACFF902A6E89790050D7D5 /* MessagesViewModel.swift */; };
		85AF06512A58297400599107 /* RightSideMenuView.swift in Sources */ = {isa = PBXBuildFile; fileRef = 85AF06502A58297400599107 /* RightSideMenuView.swift */; };
		85AF06532A582BCA00599107 /* RightSideMenuViewModel.swift in Sources */ = {isa = PBXBuildFile; fileRef = 85AF06522A582BCA00599107 /* RightSideMenuViewModel.swift */; };
		85AF06552A582E3300599107 /* RightSideMenuRowView.swift in Sources */ = {isa = PBXBuildFile; fileRef = 85AF06542A582E3300599107 /* RightSideMenuRowView.swift */; };
		85B273432A4EF69400D5A358 /* MessagesView.swift in Sources */ = {isa = PBXBuildFile; fileRef = 85B273422A4EF69400D5A358 /* MessagesView.swift */; };
		85B3C1C42A4962E50041B3FF /* AuthViewModel.swift in Sources */ = {isa = PBXBuildFile; fileRef = 85B3C1C32A4962E50041B3FF /* AuthViewModel.swift */; };
		85B3C1C72A4987AB0041B3FF /* FirebaseAnalytics in Frameworks */ = {isa = PBXBuildFile; productRef = 85B3C1C62A4987AB0041B3FF /* FirebaseAnalytics */; };
		85B3C1C92A4987AB0041B3FF /* FirebaseAnalyticsOnDeviceConversion in Frameworks */ = {isa = PBXBuildFile; productRef = 85B3C1C82A4987AB0041B3FF /* FirebaseAnalyticsOnDeviceConversion */; };
		85B3C1CB2A4987AB0041B3FF /* FirebaseAnalyticsSwift in Frameworks */ = {isa = PBXBuildFile; productRef = 85B3C1CA2A4987AB0041B3FF /* FirebaseAnalyticsSwift */; };
		85B3C1CD2A4987AB0041B3FF /* FirebaseAnalyticsWithoutAdIdSupport in Frameworks */ = {isa = PBXBuildFile; productRef = 85B3C1CC2A4987AB0041B3FF /* FirebaseAnalyticsWithoutAdIdSupport */; };
		85B3C1CF2A4987AB0041B3FF /* FirebaseAppCheck in Frameworks */ = {isa = PBXBuildFile; productRef = 85B3C1CE2A4987AB0041B3FF /* FirebaseAppCheck */; };
		85B3C1D12A4987AB0041B3FF /* FirebaseAppDistribution-Beta in Frameworks */ = {isa = PBXBuildFile; productRef = 85B3C1D02A4987AB0041B3FF /* FirebaseAppDistribution-Beta */; };
		85B3C1D32A4987AB0041B3FF /* FirebaseAuth in Frameworks */ = {isa = PBXBuildFile; productRef = 85B3C1D22A4987AB0041B3FF /* FirebaseAuth */; };
		85B3C1D52A4987AB0041B3FF /* FirebaseAuthCombine-Community in Frameworks */ = {isa = PBXBuildFile; productRef = 85B3C1D42A4987AB0041B3FF /* FirebaseAuthCombine-Community */; };
		85B3C1D72A4987AB0041B3FF /* FirebaseCrashlytics in Frameworks */ = {isa = PBXBuildFile; productRef = 85B3C1D62A4987AB0041B3FF /* FirebaseCrashlytics */; };
		85B3C1D92A4987AB0041B3FF /* FirebaseDatabase in Frameworks */ = {isa = PBXBuildFile; productRef = 85B3C1D82A4987AB0041B3FF /* FirebaseDatabase */; };
		85B3C1DB2A4987AB0041B3FF /* FirebaseDatabaseSwift in Frameworks */ = {isa = PBXBuildFile; productRef = 85B3C1DA2A4987AB0041B3FF /* FirebaseDatabaseSwift */; };
		85B3C1DD2A4987AB0041B3FF /* FirebaseDynamicLinks in Frameworks */ = {isa = PBXBuildFile; productRef = 85B3C1DC2A4987AB0041B3FF /* FirebaseDynamicLinks */; };
		85B3C1DF2A4987AB0041B3FF /* FirebaseFirestore in Frameworks */ = {isa = PBXBuildFile; productRef = 85B3C1DE2A4987AB0041B3FF /* FirebaseFirestore */; };
		85B3C1E12A4987AB0041B3FF /* FirebaseFirestoreCombine-Community in Frameworks */ = {isa = PBXBuildFile; productRef = 85B3C1E02A4987AB0041B3FF /* FirebaseFirestoreCombine-Community */; };
		85B3C1E32A4987AB0041B3FF /* FirebaseFirestoreSwift in Frameworks */ = {isa = PBXBuildFile; productRef = 85B3C1E22A4987AB0041B3FF /* FirebaseFirestoreSwift */; };
		85B3C1E52A4987AB0041B3FF /* FirebaseFunctions in Frameworks */ = {isa = PBXBuildFile; productRef = 85B3C1E42A4987AB0041B3FF /* FirebaseFunctions */; };
		85B3C1E72A4987AB0041B3FF /* FirebaseFunctionsCombine-Community in Frameworks */ = {isa = PBXBuildFile; productRef = 85B3C1E62A4987AB0041B3FF /* FirebaseFunctionsCombine-Community */; };
		85B3C1E92A4987AB0041B3FF /* FirebaseInAppMessaging-Beta in Frameworks */ = {isa = PBXBuildFile; productRef = 85B3C1E82A4987AB0041B3FF /* FirebaseInAppMessaging-Beta */; };
		85B3C1EB2A4987AB0041B3FF /* FirebaseInAppMessagingSwift-Beta in Frameworks */ = {isa = PBXBuildFile; productRef = 85B3C1EA2A4987AB0041B3FF /* FirebaseInAppMessagingSwift-Beta */; };
		85B3C1ED2A4987AB0041B3FF /* FirebaseInstallations in Frameworks */ = {isa = PBXBuildFile; productRef = 85B3C1EC2A4987AB0041B3FF /* FirebaseInstallations */; };
		85B3C1EF2A4987AB0041B3FF /* FirebaseMLModelDownloader in Frameworks */ = {isa = PBXBuildFile; productRef = 85B3C1EE2A4987AB0041B3FF /* FirebaseMLModelDownloader */; };
		85B3C1F12A4987AB0041B3FF /* FirebaseMessaging in Frameworks */ = {isa = PBXBuildFile; productRef = 85B3C1F02A4987AB0041B3FF /* FirebaseMessaging */; };
		85B3C1F32A4987AB0041B3FF /* FirebasePerformance in Frameworks */ = {isa = PBXBuildFile; productRef = 85B3C1F22A4987AB0041B3FF /* FirebasePerformance */; };
		85B3C1F52A4987AB0041B3FF /* FirebaseRemoteConfig in Frameworks */ = {isa = PBXBuildFile; productRef = 85B3C1F42A4987AB0041B3FF /* FirebaseRemoteConfig */; };
		85B3C1F72A4987AB0041B3FF /* FirebaseRemoteConfigSwift in Frameworks */ = {isa = PBXBuildFile; productRef = 85B3C1F62A4987AB0041B3FF /* FirebaseRemoteConfigSwift */; };
		85B3C1F92A4987AB0041B3FF /* FirebaseStorage in Frameworks */ = {isa = PBXBuildFile; productRef = 85B3C1F82A4987AB0041B3FF /* FirebaseStorage */; };
		85B3C1FB2A4987AB0041B3FF /* FirebaseStorageCombine-Community in Frameworks */ = {isa = PBXBuildFile; productRef = 85B3C1FA2A4987AB0041B3FF /* FirebaseStorageCombine-Community */; };
		85B3F7F02A5D5142004734E8 /* SearchBar.swift in Sources */ = {isa = PBXBuildFile; fileRef = 85B3F7EF2A5D5142004734E8 /* SearchBar.swift */; };
		85B3F7F22A5DEED8004734E8 /* ActivityService.swift in Sources */ = {isa = PBXBuildFile; fileRef = 85B3F7F12A5DEED8004734E8 /* ActivityService.swift */; };
		85B3F7F42A5DF1CF004734E8 /* Activity.swift in Sources */ = {isa = PBXBuildFile; fileRef = 85B3F7F32A5DF1CF004734E8 /* Activity.swift */; };
		85B3F7F62A5DFD7D004734E8 /* AddActivityViewModel.swift in Sources */ = {isa = PBXBuildFile; fileRef = 85B3F7F52A5DFD7D004734E8 /* AddActivityViewModel.swift */; };
		85C854CE2A4167B00057F55F /* GoogleService-Info.plist in Resources */ = {isa = PBXBuildFile; fileRef = 85C854CD2A4167B00057F55F /* GoogleService-Info.plist */; };
		85C854D12A418EBF0057F55F /* ContentView.swift in Sources */ = {isa = PBXBuildFile; fileRef = 85C854D02A418EBF0057F55F /* ContentView.swift */; };
		85C854D42A418F290057F55F /* SignUpView.swift in Sources */ = {isa = PBXBuildFile; fileRef = 85C854D32A418F290057F55F /* SignUpView.swift */; };
		85C8BDCE2A7251190059932C /* GroupService.swift in Sources */ = {isa = PBXBuildFile; fileRef = 85C8BDCD2A7251190059932C /* GroupService.swift */; };
		85C8BDD02A7251730059932C /* Groups.swift in Sources */ = {isa = PBXBuildFile; fileRef = 85C8BDCF2A7251730059932C /* Groups.swift */; };
		85C8BDD22A7254230059932C /* CreateGroupViewModel.swift in Sources */ = {isa = PBXBuildFile; fileRef = 85C8BDD12A7254230059932C /* CreateGroupViewModel.swift */; };
		85C8BDD62A7256350059932C /* CreateGroupView.swift in Sources */ = {isa = PBXBuildFile; fileRef = 85C8BDD52A7256350059932C /* CreateGroupView.swift */; };
		85C8BDD82A7286120059932C /* GroupRowViewModel.swift in Sources */ = {isa = PBXBuildFile; fileRef = 85C8BDD72A7286120059932C /* GroupRowViewModel.swift */; };
		85C8BDDA2A72879B0059932C /* GroupsViewModel.swift in Sources */ = {isa = PBXBuildFile; fileRef = 85C8BDD92A72879B0059932C /* GroupsViewModel.swift */; };
		85C9C9212A7A8CAD00CBA0A1 /* EditProfileViewModel.swift in Sources */ = {isa = PBXBuildFile; fileRef = 85C9C9202A7A8CAD00CBA0A1 /* EditProfileViewModel.swift */; };
		85CB69882A7A6FAF008BCE7E /* EditProfileView.swift in Sources */ = {isa = PBXBuildFile; fileRef = 85CB69872A7A6FAF008BCE7E /* EditProfileView.swift */; };
		85CD14D42A4C25F200E74434 /* VerifyEmailView.swift in Sources */ = {isa = PBXBuildFile; fileRef = 85CD14D32A4C25F200E74434 /* VerifyEmailView.swift */; };
		85D5DD8B2A42E4C000D61F12 /* LoginView.swift in Sources */ = {isa = PBXBuildFile; fileRef = 85D5DD8A2A42E4C000D61F12 /* LoginView.swift */; };
		85D5DD902A42EAC500D61F12 /* InputView.swift in Sources */ = {isa = PBXBuildFile; fileRef = 85D5DD8F2A42EAC500D61F12 /* InputView.swift */; };
		85D778242A45F6160052D5F9 /* ProfileView.swift in Sources */ = {isa = PBXBuildFile; fileRef = 85D778232A45F6160052D5F9 /* ProfileView.swift */; };
		85D778262A45FE680052D5F9 /* SettingsRowView.swift in Sources */ = {isa = PBXBuildFile; fileRef = 85D778252A45FE680052D5F9 /* SettingsRowView.swift */; };
		85D9BAEB2A3AC0A800E11652 /* ActivityRowView.swift in Sources */ = {isa = PBXBuildFile; fileRef = 85D9BAE82A3AC0A700E11652 /* ActivityRowView.swift */; };
		85D9BAEC2A3AC0A800E11652 /* FeedView.swift in Sources */ = {isa = PBXBuildFile; fileRef = 85D9BAEA2A3AC0A700E11652 /* FeedView.swift */; };
		85D9BAF02A3AC1AD00E11652 /* Colors.swift in Sources */ = {isa = PBXBuildFile; fileRef = 85D9BAEF2A3AC1AD00E11652 /* Colors.swift */; };
		85D9BAF32A3AC2F100E11652 /* DateExtension.swift in Sources */ = {isa = PBXBuildFile; fileRef = 85D9BAF22A3AC2F100E11652 /* DateExtension.swift */; };
		85EAF1AA2A7BC16C0035CF17 /* ImageUploader.swift in Sources */ = {isa = PBXBuildFile; fileRef = 85EAF1A92A7BC16B0035CF17 /* ImageUploader.swift */; };
		85EE632C2A5EC39400F8AF64 /* FeedViewModel.swift in Sources */ = {isa = PBXBuildFile; fileRef = 85EE632B2A5EC39400F8AF64 /* FeedViewModel.swift */; };
/* End PBXBuildFile section */

/* Begin PBXFileReference section */
		3892409729A187260005AA3D /* Three For Die.app */ = {isa = PBXFileReference; explicitFileType = wrapper.application; includeInIndex = 0; path = "Three For Die.app"; sourceTree = BUILT_PRODUCTS_DIR; };
		3892409A29A187260005AA3D /* ThreeForDieApp.swift */ = {isa = PBXFileReference; lastKnownFileType = sourcecode.swift; path = ThreeForDieApp.swift; sourceTree = "<group>"; };
		3892409E29A187260005AA3D /* Assets.xcassets */ = {isa = PBXFileReference; lastKnownFileType = folder.assetcatalog; path = Assets.xcassets; sourceTree = "<group>"; };
		389240A029A187260005AA3D /* Three_For_Die.entitlements */ = {isa = PBXFileReference; lastKnownFileType = text.plist.entitlements; path = Three_For_Die.entitlements; sourceTree = "<group>"; };
		389240A229A187260005AA3D /* Preview Assets.xcassets */ = {isa = PBXFileReference; lastKnownFileType = folder.assetcatalog; path = "Preview Assets.xcassets"; sourceTree = "<group>"; };
		389240B429A19D170005AA3D /* MainTabView.swift */ = {isa = PBXFileReference; lastKnownFileType = sourcecode.swift; path = MainTabView.swift; sourceTree = "<group>"; };
		389240BB29A1B3960005AA3D /* User.swift */ = {isa = PBXFileReference; lastKnownFileType = sourcecode.swift; path = User.swift; sourceTree = "<group>"; };
		389240BF29A1B7F40005AA3D /* AddActivityView.swift */ = {isa = PBXFileReference; lastKnownFileType = sourcecode.swift; path = AddActivityView.swift; sourceTree = "<group>"; };
		389240C129A1EC9D0005AA3D /* Location.swift */ = {isa = PBXFileReference; fileEncoding = 4; lastKnownFileType = sourcecode.swift; path = Location.swift; sourceTree = "<group>"; };
		389240C229A1EC9D0005AA3D /* Event.swift */ = {isa = PBXFileReference; fileEncoding = 4; lastKnownFileType = sourcecode.swift; path = Event.swift; sourceTree = "<group>"; };
		8503FCFB2A52D8A60024F98B /* GroupsView.swift */ = {isa = PBXFileReference; lastKnownFileType = sourcecode.swift; path = GroupsView.swift; sourceTree = "<group>"; };
		8503FCFD2A52D95D0024F98B /* GroupRowView.swift */ = {isa = PBXFileReference; lastKnownFileType = sourcecode.swift; path = GroupRowView.swift; sourceTree = "<group>"; };
		857353BA2A6522BF00329BB3 /* ActivityRowViewModel.swift */ = {isa = PBXFileReference; lastKnownFileType = sourcecode.swift; path = ActivityRowViewModel.swift; sourceTree = "<group>"; };
		85A4171A2A56D99100A9096A /* UserService.swift */ = {isa = PBXFileReference; lastKnownFileType = sourcecode.swift; path = UserService.swift; sourceTree = "<group>"; };
		85A9F85D2A54366800D04715 /* ActivityFilters.swift */ = {isa = PBXFileReference; lastKnownFileType = sourcecode.swift; path = ActivityFilters.swift; sourceTree = "<group>"; };
		85ACFF902A6E89790050D7D5 /* MessagesViewModel.swift */ = {isa = PBXFileReference; lastKnownFileType = sourcecode.swift; path = MessagesViewModel.swift; sourceTree = "<group>"; };
		85AF06502A58297400599107 /* RightSideMenuView.swift */ = {isa = PBXFileReference; lastKnownFileType = sourcecode.swift; path = RightSideMenuView.swift; sourceTree = "<group>"; };
		85AF06522A582BCA00599107 /* RightSideMenuViewModel.swift */ = {isa = PBXFileReference; lastKnownFileType = sourcecode.swift; path = RightSideMenuViewModel.swift; sourceTree = "<group>"; };
		85AF06542A582E3300599107 /* RightSideMenuRowView.swift */ = {isa = PBXFileReference; lastKnownFileType = sourcecode.swift; path = RightSideMenuRowView.swift; sourceTree = "<group>"; };
		85B273422A4EF69400D5A358 /* MessagesView.swift */ = {isa = PBXFileReference; lastKnownFileType = sourcecode.swift; path = MessagesView.swift; sourceTree = "<group>"; };
		85B3C1C32A4962E50041B3FF /* AuthViewModel.swift */ = {isa = PBXFileReference; lastKnownFileType = sourcecode.swift; path = AuthViewModel.swift; sourceTree = "<group>"; };
		85B3F7EF2A5D5142004734E8 /* SearchBar.swift */ = {isa = PBXFileReference; lastKnownFileType = sourcecode.swift; path = SearchBar.swift; sourceTree = "<group>"; };
		85B3F7F12A5DEED8004734E8 /* ActivityService.swift */ = {isa = PBXFileReference; lastKnownFileType = sourcecode.swift; path = ActivityService.swift; sourceTree = "<group>"; };
		85B3F7F32A5DF1CF004734E8 /* Activity.swift */ = {isa = PBXFileReference; lastKnownFileType = sourcecode.swift; path = Activity.swift; sourceTree = "<group>"; };
		85B3F7F52A5DFD7D004734E8 /* AddActivityViewModel.swift */ = {isa = PBXFileReference; lastKnownFileType = sourcecode.swift; path = AddActivityViewModel.swift; sourceTree = "<group>"; };
		85C854CD2A4167B00057F55F /* GoogleService-Info.plist */ = {isa = PBXFileReference; fileEncoding = 4; lastKnownFileType = text.plist.xml; path = "GoogleService-Info.plist"; sourceTree = "<group>"; };
		85C854D02A418EBF0057F55F /* ContentView.swift */ = {isa = PBXFileReference; lastKnownFileType = sourcecode.swift; path = ContentView.swift; sourceTree = "<group>"; };
		85C854D32A418F290057F55F /* SignUpView.swift */ = {isa = PBXFileReference; lastKnownFileType = sourcecode.swift; path = SignUpView.swift; sourceTree = "<group>"; };
		85C8BDCD2A7251190059932C /* GroupService.swift */ = {isa = PBXFileReference; lastKnownFileType = sourcecode.swift; path = GroupService.swift; sourceTree = "<group>"; };
		85C8BDCF2A7251730059932C /* Groups.swift */ = {isa = PBXFileReference; lastKnownFileType = sourcecode.swift; path = Groups.swift; sourceTree = "<group>"; };
		85C8BDD12A7254230059932C /* CreateGroupViewModel.swift */ = {isa = PBXFileReference; lastKnownFileType = sourcecode.swift; path = CreateGroupViewModel.swift; sourceTree = "<group>"; };
		85C8BDD52A7256350059932C /* CreateGroupView.swift */ = {isa = PBXFileReference; lastKnownFileType = sourcecode.swift; path = CreateGroupView.swift; sourceTree = "<group>"; };
		85C8BDD72A7286120059932C /* GroupRowViewModel.swift */ = {isa = PBXFileReference; lastKnownFileType = sourcecode.swift; path = GroupRowViewModel.swift; sourceTree = "<group>"; };
		85C8BDD92A72879B0059932C /* GroupsViewModel.swift */ = {isa = PBXFileReference; lastKnownFileType = sourcecode.swift; path = GroupsViewModel.swift; sourceTree = "<group>"; };
		85C9C9202A7A8CAD00CBA0A1 /* EditProfileViewModel.swift */ = {isa = PBXFileReference; lastKnownFileType = sourcecode.swift; path = EditProfileViewModel.swift; sourceTree = "<group>"; };
		85CB69872A7A6FAF008BCE7E /* EditProfileView.swift */ = {isa = PBXFileReference; lastKnownFileType = sourcecode.swift; path = EditProfileView.swift; sourceTree = "<group>"; };
		85CD14D32A4C25F200E74434 /* VerifyEmailView.swift */ = {isa = PBXFileReference; lastKnownFileType = sourcecode.swift; path = VerifyEmailView.swift; sourceTree = "<group>"; };
		85D5DD8A2A42E4C000D61F12 /* LoginView.swift */ = {isa = PBXFileReference; lastKnownFileType = sourcecode.swift; path = LoginView.swift; sourceTree = "<group>"; };
		85D5DD8F2A42EAC500D61F12 /* InputView.swift */ = {isa = PBXFileReference; lastKnownFileType = sourcecode.swift; path = InputView.swift; sourceTree = "<group>"; };
		85D778232A45F6160052D5F9 /* ProfileView.swift */ = {isa = PBXFileReference; lastKnownFileType = sourcecode.swift; path = ProfileView.swift; sourceTree = "<group>"; };
		85D778252A45FE680052D5F9 /* SettingsRowView.swift */ = {isa = PBXFileReference; lastKnownFileType = sourcecode.swift; path = SettingsRowView.swift; sourceTree = "<group>"; };
		85D9BAE82A3AC0A700E11652 /* ActivityRowView.swift */ = {isa = PBXFileReference; fileEncoding = 4; lastKnownFileType = sourcecode.swift; path = ActivityRowView.swift; sourceTree = "<group>"; };
		85D9BAEA2A3AC0A700E11652 /* FeedView.swift */ = {isa = PBXFileReference; fileEncoding = 4; lastKnownFileType = sourcecode.swift; path = FeedView.swift; sourceTree = "<group>"; };
		85D9BAEF2A3AC1AD00E11652 /* Colors.swift */ = {isa = PBXFileReference; fileEncoding = 4; lastKnownFileType = sourcecode.swift; path = Colors.swift; sourceTree = "<group>"; };
		85D9BAF22A3AC2F100E11652 /* DateExtension.swift */ = {isa = PBXFileReference; fileEncoding = 4; lastKnownFileType = sourcecode.swift; path = DateExtension.swift; sourceTree = "<group>"; };
		85EAF1A92A7BC16B0035CF17 /* ImageUploader.swift */ = {isa = PBXFileReference; lastKnownFileType = sourcecode.swift; path = ImageUploader.swift; sourceTree = "<group>"; };
		85EE632B2A5EC39400F8AF64 /* FeedViewModel.swift */ = {isa = PBXFileReference; lastKnownFileType = sourcecode.swift; path = FeedViewModel.swift; sourceTree = "<group>"; };
/* End PBXFileReference section */

/* Begin PBXFrameworksBuildPhase section */
		3892409429A187260005AA3D /* Frameworks */ = {
			isa = PBXFrameworksBuildPhase;
			buildActionMask = 2147483647;
			files = (
				85B3C1D92A4987AB0041B3FF /* FirebaseDatabase in Frameworks */,
				85B3C1E72A4987AB0041B3FF /* FirebaseFunctionsCombine-Community in Frameworks */,
				85B3C1DF2A4987AB0041B3FF /* FirebaseFirestore in Frameworks */,
				85B3C1CB2A4987AB0041B3FF /* FirebaseAnalyticsSwift in Frameworks */,
				85B3C1C72A4987AB0041B3FF /* FirebaseAnalytics in Frameworks */,
				85B3C1C92A4987AB0041B3FF /* FirebaseAnalyticsOnDeviceConversion in Frameworks */,
				85B3C1EF2A4987AB0041B3FF /* FirebaseMLModelDownloader in Frameworks */,
				85B3C1E32A4987AB0041B3FF /* FirebaseFirestoreSwift in Frameworks */,
				85B3C1CF2A4987AB0041B3FF /* FirebaseAppCheck in Frameworks */,
				85B3C1CD2A4987AB0041B3FF /* FirebaseAnalyticsWithoutAdIdSupport in Frameworks */,
				85B3C1D32A4987AB0041B3FF /* FirebaseAuth in Frameworks */,
				85B3C1D72A4987AB0041B3FF /* FirebaseCrashlytics in Frameworks */,
				85B3C1F72A4987AB0041B3FF /* FirebaseRemoteConfigSwift in Frameworks */,
				85B3C1E92A4987AB0041B3FF /* FirebaseInAppMessaging-Beta in Frameworks */,
				85B3C1DB2A4987AB0041B3FF /* FirebaseDatabaseSwift in Frameworks */,
				85B3C1E52A4987AB0041B3FF /* FirebaseFunctions in Frameworks */,
				85B3C1FB2A4987AB0041B3FF /* FirebaseStorageCombine-Community in Frameworks */,
				85B3C1F52A4987AB0041B3FF /* FirebaseRemoteConfig in Frameworks */,
				85B3C1D12A4987AB0041B3FF /* FirebaseAppDistribution-Beta in Frameworks */,
				85B3C1D52A4987AB0041B3FF /* FirebaseAuthCombine-Community in Frameworks */,
				85B3C1F32A4987AB0041B3FF /* FirebasePerformance in Frameworks */,
				85B3C1EB2A4987AB0041B3FF /* FirebaseInAppMessagingSwift-Beta in Frameworks */,
				85B3C1F92A4987AB0041B3FF /* FirebaseStorage in Frameworks */,
				85B3C1DD2A4987AB0041B3FF /* FirebaseDynamicLinks in Frameworks */,
				85B3C1E12A4987AB0041B3FF /* FirebaseFirestoreCombine-Community in Frameworks */,
				85B3C1F12A4987AB0041B3FF /* FirebaseMessaging in Frameworks */,
				85B3C1ED2A4987AB0041B3FF /* FirebaseInstallations in Frameworks */,
			);
			runOnlyForDeploymentPostprocessing = 0;
		};
/* End PBXFrameworksBuildPhase section */

/* Begin PBXGroup section */
		3892408E29A187260005AA3D = {
			isa = PBXGroup;
			children = (
				3892409929A187260005AA3D /* Three For Die */,
				3892409829A187260005AA3D /* Products */,
			);
			sourceTree = "<group>";
		};
		3892409829A187260005AA3D /* Products */ = {
			isa = PBXGroup;
			children = (
				3892409729A187260005AA3D /* Three For Die.app */,
			);
			name = Products;
			sourceTree = "<group>";
		};
		3892409929A187260005AA3D /* Three For Die */ = {
			isa = PBXGroup;
			children = (
				85A417192A56D97F00A9096A /* Services */,
				85C854CD2A4167B00057F55F /* GoogleService-Info.plist */,
				85D9BAF12A3AC2F100E11652 /* Extensions */,
				389240BA29A1B3900005AA3D /* Models */,
				3892409A29A187260005AA3D /* ThreeForDieApp.swift */,
				85D9BAEE2A3AC1AD00E11652 /* Styles */,
				389240B229A19CA80005AA3D /* Core */,
				3892409E29A187260005AA3D /* Assets.xcassets */,
				389240A029A187260005AA3D /* Three_For_Die.entitlements */,
				389240A129A187260005AA3D /* Preview Content */,
			);
			path = "Three For Die";
			sourceTree = "<group>";
		};
		389240A129A187260005AA3D /* Preview Content */ = {
			isa = PBXGroup;
			children = (
				389240A229A187260005AA3D /* Preview Assets.xcassets */,
			);
			path = "Preview Content";
			sourceTree = "<group>";
		};
		389240B229A19CA80005AA3D /* Core */ = {
			isa = PBXGroup;
			children = (
				389240BD29A1B6D00005AA3D /* Components */,
				8503FCF62A52D8490024F98B /* SideMenus */,
				85B273412A4EF47700D5A358 /* Messages */,
				85B273402A4EF31D00D5A358 /* MainTab */,
				851F600E2A4EE38600188285 /* Feed */,
				85D778222A45F6010052D5F9 /* Profile */,
				852E8C112A457EE4000634CC /* Authentication */,
				85C854D02A418EBF0057F55F /* ContentView.swift */,
			);
			path = Core;
			sourceTree = "<group>";
		};
		389240BA29A1B3900005AA3D /* Models */ = {
			isa = PBXGroup;
			children = (
				389240BB29A1B3960005AA3D /* User.swift */,
				389240C229A1EC9D0005AA3D /* Event.swift */,
				389240C129A1EC9D0005AA3D /* Location.swift */,
				85B3F7F32A5DF1CF004734E8 /* Activity.swift */,
				85C8BDCF2A7251730059932C /* Groups.swift */,
			);
			path = Models;
			sourceTree = "<group>";
		};
		389240BD29A1B6D00005AA3D /* Components */ = {
			isa = PBXGroup;
			children = (
				85A9F85D2A54366800D04715 /* ActivityFilters.swift */,
				85D5DD8F2A42EAC500D61F12 /* InputView.swift */,
				85D778252A45FE680052D5F9 /* SettingsRowView.swift */,
				85B3F7EF2A5D5142004734E8 /* SearchBar.swift */,
			);
			path = Components;
			sourceTree = "<group>";
		};
		8503FCF52A52CCB90024F98B /* Views */ = {
			isa = PBXGroup;
			children = (
				85D778232A45F6160052D5F9 /* ProfileView.swift */,
				85CB69872A7A6FAF008BCE7E /* EditProfileView.swift */,
			);
			path = Views;
			sourceTree = "<group>";
		};
		8503FCF62A52D8490024F98B /* SideMenus */ = {
			isa = PBXGroup;
			children = (
				8503FCFA2A52D89A0024F98B /* ViewModels */,
				8503FCF92A52D8960024F98B /* Views */,
			);
			path = SideMenus;
			sourceTree = "<group>";
		};
		8503FCF92A52D8960024F98B /* Views */ = {
			isa = PBXGroup;
			children = (
				85C8BDD52A7256350059932C /* CreateGroupView.swift */,
				8503FCFD2A52D95D0024F98B /* GroupRowView.swift */,
				8503FCFB2A52D8A60024F98B /* GroupsView.swift */,
				85AF06502A58297400599107 /* RightSideMenuView.swift */,
				85AF06542A582E3300599107 /* RightSideMenuRowView.swift */,
			);
			path = Views;
			sourceTree = "<group>";
		};
		8503FCFA2A52D89A0024F98B /* ViewModels */ = {
			isa = PBXGroup;
			children = (
				85C8BDD12A7254230059932C /* CreateGroupViewModel.swift */,
				85C8BDD72A7286120059932C /* GroupRowViewModel.swift */,
				85C8BDD92A72879B0059932C /* GroupsViewModel.swift */,
				85AF06522A582BCA00599107 /* RightSideMenuViewModel.swift */,
			);
			path = ViewModels;
			sourceTree = "<group>";
		};
		851F600E2A4EE38600188285 /* Feed */ = {
			isa = PBXGroup;
			children = (
				851F600F2A4EE38C00188285 /* ViewModels */,
				851F60102A4EE39C00188285 /* Views */,
			);
			path = Feed;
			sourceTree = "<group>";
		};
		851F600F2A4EE38C00188285 /* ViewModels */ = {
			isa = PBXGroup;
			children = (
				85B3F7F52A5DFD7D004734E8 /* AddActivityViewModel.swift */,
				85EE632B2A5EC39400F8AF64 /* FeedViewModel.swift */,
				857353BA2A6522BF00329BB3 /* ActivityRowViewModel.swift */,
			);
			path = ViewModels;
			sourceTree = "<group>";
		};
		851F60102A4EE39C00188285 /* Views */ = {
			isa = PBXGroup;
			children = (
				389240BF29A1B7F40005AA3D /* AddActivityView.swift */,
				85D9BAEA2A3AC0A700E11652 /* FeedView.swift */,
				85D9BAE82A3AC0A700E11652 /* ActivityRowView.swift */,
			);
			path = Views;
			sourceTree = "<group>";
		};
		852E8C112A457EE4000634CC /* Authentication */ = {
			isa = PBXGroup;
			children = (
				85B3C1C22A4962CE0041B3FF /* ViewModels */,
				85B3C1C12A4962BB0041B3FF /* Views */,
			);
			path = Authentication;
			sourceTree = "<group>";
		};
		85A417192A56D97F00A9096A /* Services */ = {
			isa = PBXGroup;
			children = (
				85A4171A2A56D99100A9096A /* UserService.swift */,
				85B3F7F12A5DEED8004734E8 /* ActivityService.swift */,
				85C8BDCD2A7251190059932C /* GroupService.swift */,
				85EAF1A92A7BC16B0035CF17 /* ImageUploader.swift */,
			);
			path = Services;
			sourceTree = "<group>";
		};
		85ACFF8E2A6E89580050D7D5 /* Views */ = {
			isa = PBXGroup;
			children = (
				85B273422A4EF69400D5A358 /* MessagesView.swift */,
			);
			path = Views;
			sourceTree = "<group>";
		};
		85ACFF8F2A6E89600050D7D5 /* ViewModels */ = {
			isa = PBXGroup;
			children = (
				85ACFF902A6E89790050D7D5 /* MessagesViewModel.swift */,
			);
			path = ViewModels;
			sourceTree = "<group>";
		};
		85B273402A4EF31D00D5A358 /* MainTab */ = {
			isa = PBXGroup;
			children = (
				389240B429A19D170005AA3D /* MainTabView.swift */,
			);
			path = MainTab;
			sourceTree = "<group>";
		};
		85B273412A4EF47700D5A358 /* Messages */ = {
			isa = PBXGroup;
			children = (
				85ACFF8F2A6E89600050D7D5 /* ViewModels */,
				85ACFF8E2A6E89580050D7D5 /* Views */,
			);
			path = Messages;
			sourceTree = "<group>";
		};
		85B3C1C12A4962BB0041B3FF /* Views */ = {
			isa = PBXGroup;
			children = (
				85C854D32A418F290057F55F /* SignUpView.swift */,
				85D5DD8A2A42E4C000D61F12 /* LoginView.swift */,
				85CD14D32A4C25F200E74434 /* VerifyEmailView.swift */,
			);
			path = Views;
			sourceTree = "<group>";
		};
		85B3C1C22A4962CE0041B3FF /* ViewModels */ = {
			isa = PBXGroup;
			children = (
				85B3C1C32A4962E50041B3FF /* AuthViewModel.swift */,
			);
			path = ViewModels;
			sourceTree = "<group>";
		};
		85C9C91F2A7A8C9E00CBA0A1 /* ViewModels */ = {
			isa = PBXGroup;
			children = (
				85C9C9202A7A8CAD00CBA0A1 /* EditProfileViewModel.swift */,
			);
			path = ViewModels;
			sourceTree = "<group>";
		};
		85D778222A45F6010052D5F9 /* Profile */ = {
			isa = PBXGroup;
			children = (
				85C9C91F2A7A8C9E00CBA0A1 /* ViewModels */,
				8503FCF52A52CCB90024F98B /* Views */,
			);
			path = Profile;
			sourceTree = "<group>";
		};
		85D9BAEE2A3AC1AD00E11652 /* Styles */ = {
			isa = PBXGroup;
			children = (
				85D9BAEF2A3AC1AD00E11652 /* Colors.swift */,
			);
			path = Styles;
			sourceTree = "<group>";
		};
		85D9BAF12A3AC2F100E11652 /* Extensions */ = {
			isa = PBXGroup;
			children = (
				85D9BAF22A3AC2F100E11652 /* DateExtension.swift */,
			);
			path = Extensions;
			sourceTree = "<group>";
		};
/* End PBXGroup section */

/* Begin PBXNativeTarget section */
		3892409629A187260005AA3D /* Three For Die */ = {
			isa = PBXNativeTarget;
			buildConfigurationList = 389240A629A187260005AA3D /* Build configuration list for PBXNativeTarget "Three For Die" */;
			buildPhases = (
				3892409329A187260005AA3D /* Sources */,
				3892409429A187260005AA3D /* Frameworks */,
				3892409529A187260005AA3D /* Resources */,
			);
			buildRules = (
			);
			dependencies = (
			);
			name = "Three For Die";
			packageProductDependencies = (
				85B3C1C62A4987AB0041B3FF /* FirebaseAnalytics */,
				85B3C1C82A4987AB0041B3FF /* FirebaseAnalyticsOnDeviceConversion */,
				85B3C1CA2A4987AB0041B3FF /* FirebaseAnalyticsSwift */,
				85B3C1CC2A4987AB0041B3FF /* FirebaseAnalyticsWithoutAdIdSupport */,
				85B3C1CE2A4987AB0041B3FF /* FirebaseAppCheck */,
				85B3C1D02A4987AB0041B3FF /* FirebaseAppDistribution-Beta */,
				85B3C1D22A4987AB0041B3FF /* FirebaseAuth */,
				85B3C1D42A4987AB0041B3FF /* FirebaseAuthCombine-Community */,
				85B3C1D62A4987AB0041B3FF /* FirebaseCrashlytics */,
				85B3C1D82A4987AB0041B3FF /* FirebaseDatabase */,
				85B3C1DA2A4987AB0041B3FF /* FirebaseDatabaseSwift */,
				85B3C1DC2A4987AB0041B3FF /* FirebaseDynamicLinks */,
				85B3C1DE2A4987AB0041B3FF /* FirebaseFirestore */,
				85B3C1E02A4987AB0041B3FF /* FirebaseFirestoreCombine-Community */,
				85B3C1E22A4987AB0041B3FF /* FirebaseFirestoreSwift */,
				85B3C1E42A4987AB0041B3FF /* FirebaseFunctions */,
				85B3C1E62A4987AB0041B3FF /* FirebaseFunctionsCombine-Community */,
				85B3C1E82A4987AB0041B3FF /* FirebaseInAppMessaging-Beta */,
				85B3C1EA2A4987AB0041B3FF /* FirebaseInAppMessagingSwift-Beta */,
				85B3C1EC2A4987AB0041B3FF /* FirebaseInstallations */,
				85B3C1EE2A4987AB0041B3FF /* FirebaseMLModelDownloader */,
				85B3C1F02A4987AB0041B3FF /* FirebaseMessaging */,
				85B3C1F22A4987AB0041B3FF /* FirebasePerformance */,
				85B3C1F42A4987AB0041B3FF /* FirebaseRemoteConfig */,
				85B3C1F62A4987AB0041B3FF /* FirebaseRemoteConfigSwift */,
				85B3C1F82A4987AB0041B3FF /* FirebaseStorage */,
				85B3C1FA2A4987AB0041B3FF /* FirebaseStorageCombine-Community */,
			);
			productName = "Three For Die";
			productReference = 3892409729A187260005AA3D /* Three For Die.app */;
			productType = "com.apple.product-type.application";
		};
/* End PBXNativeTarget section */

/* Begin PBXProject section */
		3892408F29A187260005AA3D /* Project object */ = {
			isa = PBXProject;
			attributes = {
				BuildIndependentTargetsInParallel = 1;
				LastSwiftUpdateCheck = 1420;
				LastUpgradeCheck = 1420;
				TargetAttributes = {
					3892409629A187260005AA3D = {
						CreatedOnToolsVersion = 14.2;
					};
				};
			};
			buildConfigurationList = 3892409229A187260005AA3D /* Build configuration list for PBXProject "Three For Die" */;
			compatibilityVersion = "Xcode 14.0";
			developmentRegion = en;
			hasScannedForEncodings = 0;
			knownRegions = (
				en,
				Base,
			);
			mainGroup = 3892408E29A187260005AA3D;
			packageReferences = (
				85B3C1C52A4987AB0041B3FF /* XCRemoteSwiftPackageReference "firebase-ios-sdk" */,
			);
			productRefGroup = 3892409829A187260005AA3D /* Products */;
			projectDirPath = "";
			projectRoot = "";
			targets = (
				3892409629A187260005AA3D /* Three For Die */,
			);
		};
/* End PBXProject section */

/* Begin PBXResourcesBuildPhase section */
		3892409529A187260005AA3D /* Resources */ = {
			isa = PBXResourcesBuildPhase;
			buildActionMask = 2147483647;
			files = (
				389240A329A187260005AA3D /* Preview Assets.xcassets in Resources */,
				3892409F29A187260005AA3D /* Assets.xcassets in Resources */,
				85C854CE2A4167B00057F55F /* GoogleService-Info.plist in Resources */,
			);
			runOnlyForDeploymentPostprocessing = 0;
		};
/* End PBXResourcesBuildPhase section */

/* Begin PBXSourcesBuildPhase section */
		3892409329A187260005AA3D /* Sources */ = {
			isa = PBXSourcesBuildPhase;
			buildActionMask = 2147483647;
			files = (
				85B3F7F42A5DF1CF004734E8 /* Activity.swift in Sources */,
				389240C029A1B7F40005AA3D /* AddActivityView.swift in Sources */,
				85D9BAF02A3AC1AD00E11652 /* Colors.swift in Sources */,
				85D9BAEC2A3AC0A800E11652 /* FeedView.swift in Sources */,
				389240BC29A1B3960005AA3D /* User.swift in Sources */,
				389240B529A19D170005AA3D /* MainTabView.swift in Sources */,
				85C8BDCE2A7251190059932C /* GroupService.swift in Sources */,
				85AF06532A582BCA00599107 /* RightSideMenuViewModel.swift in Sources */,
				85A9F85E2A54366800D04715 /* ActivityFilters.swift in Sources */,
				3892409B29A187260005AA3D /* ThreeForDieApp.swift in Sources */,
				85CB69882A7A6FAF008BCE7E /* EditProfileView.swift in Sources */,
				85EAF1AA2A7BC16C0035CF17 /* ImageUploader.swift in Sources */,
				85B3C1C42A4962E50041B3FF /* AuthViewModel.swift in Sources */,
				85B3F7F62A5DFD7D004734E8 /* AddActivityViewModel.swift in Sources */,
				85B3F7F22A5DEED8004734E8 /* ActivityService.swift in Sources */,
				85D9BAF32A3AC2F100E11652 /* DateExtension.swift in Sources */,
				85CD14D42A4C25F200E74434 /* VerifyEmailView.swift in Sources */,
				85EE632C2A5EC39400F8AF64 /* FeedViewModel.swift in Sources */,
				85C8BDD82A7286120059932C /* GroupRowViewModel.swift in Sources */,
				8503FCFE2A52D95D0024F98B /* GroupRowView.swift in Sources */,
				389240C329A1EC9D0005AA3D /* Location.swift in Sources */,
				85D778262A45FE680052D5F9 /* SettingsRowView.swift in Sources */,
				85AF06512A58297400599107 /* RightSideMenuView.swift in Sources */,
				389240C429A1EC9D0005AA3D /* Event.swift in Sources */,
				85ACFF912A6E89790050D7D5 /* MessagesViewModel.swift in Sources */,
				85C8BDDA2A72879B0059932C /* GroupsViewModel.swift in Sources */,
				85D778242A45F6160052D5F9 /* ProfileView.swift in Sources */,
				85C854D42A418F290057F55F /* SignUpView.swift in Sources */,
				857353BB2A6522BF00329BB3 /* ActivityRowViewModel.swift in Sources */,
				85AF06552A582E3300599107 /* RightSideMenuRowView.swift in Sources */,
				85C9C9212A7A8CAD00CBA0A1 /* EditProfileViewModel.swift in Sources */,
				85C8BDD22A7254230059932C /* CreateGroupViewModel.swift in Sources */,
				85C854D12A418EBF0057F55F /* ContentView.swift in Sources */,
				85C8BDD02A7251730059932C /* Groups.swift in Sources */,
				8503FCFC2A52D8A60024F98B /* GroupsView.swift in Sources */,
				85B3F7F02A5D5142004734E8 /* SearchBar.swift in Sources */,
				85C8BDD62A7256350059932C /* CreateGroupView.swift in Sources */,
				85D5DD902A42EAC500D61F12 /* InputView.swift in Sources */,
				85A4171B2A56D99100A9096A /* UserService.swift in Sources */,
				85D5DD8B2A42E4C000D61F12 /* LoginView.swift in Sources */,
				85D9BAEB2A3AC0A800E11652 /* ActivityRowView.swift in Sources */,
				85B273432A4EF69400D5A358 /* MessagesView.swift in Sources */,
			);
			runOnlyForDeploymentPostprocessing = 0;
		};
/* End PBXSourcesBuildPhase section */

/* Begin XCBuildConfiguration section */
		389240A429A187260005AA3D /* Debug */ = {
			isa = XCBuildConfiguration;
			buildSettings = {
				ALWAYS_SEARCH_USER_PATHS = NO;
				CLANG_ANALYZER_NONNULL = YES;
				CLANG_ANALYZER_NUMBER_OBJECT_CONVERSION = YES_AGGRESSIVE;
				CLANG_CXX_LANGUAGE_STANDARD = "gnu++20";
				CLANG_ENABLE_MODULES = YES;
				CLANG_ENABLE_OBJC_ARC = YES;
				CLANG_ENABLE_OBJC_WEAK = YES;
				CLANG_WARN_BLOCK_CAPTURE_AUTORELEASING = YES;
				CLANG_WARN_BOOL_CONVERSION = YES;
				CLANG_WARN_COMMA = YES;
				CLANG_WARN_CONSTANT_CONVERSION = YES;
				CLANG_WARN_DEPRECATED_OBJC_IMPLEMENTATIONS = YES;
				CLANG_WARN_DIRECT_OBJC_ISA_USAGE = YES_ERROR;
				CLANG_WARN_DOCUMENTATION_COMMENTS = YES;
				CLANG_WARN_EMPTY_BODY = YES;
				CLANG_WARN_ENUM_CONVERSION = YES;
				CLANG_WARN_INFINITE_RECURSION = YES;
				CLANG_WARN_INT_CONVERSION = YES;
				CLANG_WARN_NON_LITERAL_NULL_CONVERSION = YES;
				CLANG_WARN_OBJC_IMPLICIT_RETAIN_SELF = YES;
				CLANG_WARN_OBJC_LITERAL_CONVERSION = YES;
				CLANG_WARN_OBJC_ROOT_CLASS = YES_ERROR;
				CLANG_WARN_QUOTED_INCLUDE_IN_FRAMEWORK_HEADER = YES;
				CLANG_WARN_RANGE_LOOP_ANALYSIS = YES;
				CLANG_WARN_STRICT_PROTOTYPES = YES;
				CLANG_WARN_SUSPICIOUS_MOVE = YES;
				CLANG_WARN_UNGUARDED_AVAILABILITY = YES_AGGRESSIVE;
				CLANG_WARN_UNREACHABLE_CODE = YES;
				CLANG_WARN__DUPLICATE_METHOD_MATCH = YES;
				COPY_PHASE_STRIP = NO;
				DEBUG_INFORMATION_FORMAT = dwarf;
				ENABLE_STRICT_OBJC_MSGSEND = YES;
				ENABLE_TESTABILITY = YES;
				GCC_C_LANGUAGE_STANDARD = gnu11;
				GCC_DYNAMIC_NO_PIC = NO;
				GCC_NO_COMMON_BLOCKS = YES;
				GCC_OPTIMIZATION_LEVEL = 0;
				GCC_PREPROCESSOR_DEFINITIONS = (
					"DEBUG=1",
					"$(inherited)",
				);
				GCC_WARN_64_TO_32_BIT_CONVERSION = YES;
				GCC_WARN_ABOUT_RETURN_TYPE = YES_ERROR;
				GCC_WARN_UNDECLARED_SELECTOR = YES;
				GCC_WARN_UNINITIALIZED_AUTOS = YES_AGGRESSIVE;
				GCC_WARN_UNUSED_FUNCTION = YES;
				GCC_WARN_UNUSED_VARIABLE = YES;
				MTL_ENABLE_DEBUG_INFO = INCLUDE_SOURCE;
				MTL_FAST_MATH = YES;
				ONLY_ACTIVE_ARCH = YES;
				SWIFT_ACTIVE_COMPILATION_CONDITIONS = DEBUG;
				SWIFT_OPTIMIZATION_LEVEL = "-Onone";
			};
			name = Debug;
		};
		389240A529A187260005AA3D /* Release */ = {
			isa = XCBuildConfiguration;
			buildSettings = {
				ALWAYS_SEARCH_USER_PATHS = NO;
				CLANG_ANALYZER_NONNULL = YES;
				CLANG_ANALYZER_NUMBER_OBJECT_CONVERSION = YES_AGGRESSIVE;
				CLANG_CXX_LANGUAGE_STANDARD = "gnu++20";
				CLANG_ENABLE_MODULES = YES;
				CLANG_ENABLE_OBJC_ARC = YES;
				CLANG_ENABLE_OBJC_WEAK = YES;
				CLANG_WARN_BLOCK_CAPTURE_AUTORELEASING = YES;
				CLANG_WARN_BOOL_CONVERSION = YES;
				CLANG_WARN_COMMA = YES;
				CLANG_WARN_CONSTANT_CONVERSION = YES;
				CLANG_WARN_DEPRECATED_OBJC_IMPLEMENTATIONS = YES;
				CLANG_WARN_DIRECT_OBJC_ISA_USAGE = YES_ERROR;
				CLANG_WARN_DOCUMENTATION_COMMENTS = YES;
				CLANG_WARN_EMPTY_BODY = YES;
				CLANG_WARN_ENUM_CONVERSION = YES;
				CLANG_WARN_INFINITE_RECURSION = YES;
				CLANG_WARN_INT_CONVERSION = YES;
				CLANG_WARN_NON_LITERAL_NULL_CONVERSION = YES;
				CLANG_WARN_OBJC_IMPLICIT_RETAIN_SELF = YES;
				CLANG_WARN_OBJC_LITERAL_CONVERSION = YES;
				CLANG_WARN_OBJC_ROOT_CLASS = YES_ERROR;
				CLANG_WARN_QUOTED_INCLUDE_IN_FRAMEWORK_HEADER = YES;
				CLANG_WARN_RANGE_LOOP_ANALYSIS = YES;
				CLANG_WARN_STRICT_PROTOTYPES = YES;
				CLANG_WARN_SUSPICIOUS_MOVE = YES;
				CLANG_WARN_UNGUARDED_AVAILABILITY = YES_AGGRESSIVE;
				CLANG_WARN_UNREACHABLE_CODE = YES;
				CLANG_WARN__DUPLICATE_METHOD_MATCH = YES;
				COPY_PHASE_STRIP = NO;
				DEBUG_INFORMATION_FORMAT = "dwarf-with-dsym";
				ENABLE_NS_ASSERTIONS = NO;
				ENABLE_STRICT_OBJC_MSGSEND = YES;
				GCC_C_LANGUAGE_STANDARD = gnu11;
				GCC_NO_COMMON_BLOCKS = YES;
				GCC_WARN_64_TO_32_BIT_CONVERSION = YES;
				GCC_WARN_ABOUT_RETURN_TYPE = YES_ERROR;
				GCC_WARN_UNDECLARED_SELECTOR = YES;
				GCC_WARN_UNINITIALIZED_AUTOS = YES_AGGRESSIVE;
				GCC_WARN_UNUSED_FUNCTION = YES;
				GCC_WARN_UNUSED_VARIABLE = YES;
				MTL_ENABLE_DEBUG_INFO = NO;
				MTL_FAST_MATH = YES;
				SWIFT_COMPILATION_MODE = wholemodule;
				SWIFT_OPTIMIZATION_LEVEL = "-O";
			};
			name = Release;
		};
		389240A729A187260005AA3D /* Debug */ = {
			isa = XCBuildConfiguration;
			buildSettings = {
				ASSETCATALOG_COMPILER_APPICON_NAME = AppIcon;
				ASSETCATALOG_COMPILER_GLOBAL_ACCENT_COLOR_NAME = AccentColor;
				CODE_SIGN_ENTITLEMENTS = "Three For Die/Three_For_Die.entitlements";
				CODE_SIGN_STYLE = Automatic;
				CURRENT_PROJECT_VERSION = 1;
				DEVELOPMENT_ASSET_PATHS = "\"Three For Die/Preview Content\"";
				DEVELOPMENT_TEAM = K28P3C8V6U;
				ENABLE_HARDENED_RUNTIME = YES;
				ENABLE_PREVIEWS = YES;
				GENERATE_INFOPLIST_FILE = YES;
				"INFOPLIST_KEY_UIApplicationSceneManifest_Generation[sdk=iphoneos*]" = YES;
				"INFOPLIST_KEY_UIApplicationSceneManifest_Generation[sdk=iphonesimulator*]" = YES;
				"INFOPLIST_KEY_UIApplicationSupportsIndirectInputEvents[sdk=iphoneos*]" = YES;
				"INFOPLIST_KEY_UIApplicationSupportsIndirectInputEvents[sdk=iphonesimulator*]" = YES;
				"INFOPLIST_KEY_UILaunchScreen_Generation[sdk=iphoneos*]" = YES;
				"INFOPLIST_KEY_UILaunchScreen_Generation[sdk=iphonesimulator*]" = YES;
				"INFOPLIST_KEY_UIStatusBarStyle[sdk=iphoneos*]" = UIStatusBarStyleDefault;
				"INFOPLIST_KEY_UIStatusBarStyle[sdk=iphonesimulator*]" = UIStatusBarStyleDefault;
				INFOPLIST_KEY_UISupportedInterfaceOrientations_iPad = "UIInterfaceOrientationPortrait UIInterfaceOrientationPortraitUpsideDown UIInterfaceOrientationLandscapeLeft UIInterfaceOrientationLandscapeRight";
				INFOPLIST_KEY_UISupportedInterfaceOrientations_iPhone = "UIInterfaceOrientationPortrait UIInterfaceOrientationLandscapeLeft UIInterfaceOrientationLandscapeRight";
				IPHONEOS_DEPLOYMENT_TARGET = 16.0;
				LD_RUNPATH_SEARCH_PATHS = "@executable_path/Frameworks";
				"LD_RUNPATH_SEARCH_PATHS[sdk=macosx*]" = "@executable_path/../Frameworks";
				MACOSX_DEPLOYMENT_TARGET = 12.6;
				MARKETING_VERSION = 1.0;
				PRODUCT_BUNDLE_IDENTIFIER = "threefordie.Three-For-Die";
				PRODUCT_NAME = "$(TARGET_NAME)";
				SDKROOT = auto;
				SUPPORTED_PLATFORMS = "iphoneos iphonesimulator macosx";
				SWIFT_EMIT_LOC_STRINGS = YES;
				SWIFT_VERSION = 5.0;
				TARGETED_DEVICE_FAMILY = "1,2";
			};
			name = Debug;
		};
		389240A829A187260005AA3D /* Release */ = {
			isa = XCBuildConfiguration;
			buildSettings = {
				ASSETCATALOG_COMPILER_APPICON_NAME = AppIcon;
				ASSETCATALOG_COMPILER_GLOBAL_ACCENT_COLOR_NAME = AccentColor;
				CODE_SIGN_ENTITLEMENTS = "Three For Die/Three_For_Die.entitlements";
				CODE_SIGN_STYLE = Automatic;
				CURRENT_PROJECT_VERSION = 1;
				DEVELOPMENT_ASSET_PATHS = "\"Three For Die/Preview Content\"";
				DEVELOPMENT_TEAM = 5QKJDXHG3V;
				ENABLE_HARDENED_RUNTIME = YES;
				ENABLE_PREVIEWS = YES;
				GENERATE_INFOPLIST_FILE = YES;
				"INFOPLIST_KEY_UIApplicationSceneManifest_Generation[sdk=iphoneos*]" = YES;
				"INFOPLIST_KEY_UIApplicationSceneManifest_Generation[sdk=iphonesimulator*]" = YES;
				"INFOPLIST_KEY_UIApplicationSupportsIndirectInputEvents[sdk=iphoneos*]" = YES;
				"INFOPLIST_KEY_UIApplicationSupportsIndirectInputEvents[sdk=iphonesimulator*]" = YES;
				"INFOPLIST_KEY_UILaunchScreen_Generation[sdk=iphoneos*]" = YES;
				"INFOPLIST_KEY_UILaunchScreen_Generation[sdk=iphonesimulator*]" = YES;
				"INFOPLIST_KEY_UIStatusBarStyle[sdk=iphoneos*]" = UIStatusBarStyleDefault;
				"INFOPLIST_KEY_UIStatusBarStyle[sdk=iphonesimulator*]" = UIStatusBarStyleDefault;
				INFOPLIST_KEY_UISupportedInterfaceOrientations_iPad = "UIInterfaceOrientationPortrait UIInterfaceOrientationPortraitUpsideDown UIInterfaceOrientationLandscapeLeft UIInterfaceOrientationLandscapeRight";
				INFOPLIST_KEY_UISupportedInterfaceOrientations_iPhone = "UIInterfaceOrientationPortrait UIInterfaceOrientationLandscapeLeft UIInterfaceOrientationLandscapeRight";
				IPHONEOS_DEPLOYMENT_TARGET = 16.0;
				LD_RUNPATH_SEARCH_PATHS = "@executable_path/Frameworks";
				"LD_RUNPATH_SEARCH_PATHS[sdk=macosx*]" = "@executable_path/../Frameworks";
				MACOSX_DEPLOYMENT_TARGET = 12.6;
				MARKETING_VERSION = 1.0;
				PRODUCT_BUNDLE_IDENTIFIER = "threefordie.Three-For-Die";
				PRODUCT_NAME = "$(TARGET_NAME)";
				SDKROOT = auto;
				SUPPORTED_PLATFORMS = "iphoneos iphonesimulator macosx";
				SWIFT_EMIT_LOC_STRINGS = YES;
				SWIFT_VERSION = 5.0;
				TARGETED_DEVICE_FAMILY = "1,2";
			};
			name = Release;
		};
/* End XCBuildConfiguration section */

/* Begin XCConfigurationList section */
		3892409229A187260005AA3D /* Build configuration list for PBXProject "Three For Die" */ = {
			isa = XCConfigurationList;
			buildConfigurations = (
				389240A429A187260005AA3D /* Debug */,
				389240A529A187260005AA3D /* Release */,
			);
			defaultConfigurationIsVisible = 0;
			defaultConfigurationName = Release;
		};
		389240A629A187260005AA3D /* Build configuration list for PBXNativeTarget "Three For Die" */ = {
			isa = XCConfigurationList;
			buildConfigurations = (
				389240A729A187260005AA3D /* Debug */,
				389240A829A187260005AA3D /* Release */,
			);
			defaultConfigurationIsVisible = 0;
			defaultConfigurationName = Release;
		};
/* End XCConfigurationList section */

/* Begin XCRemoteSwiftPackageReference section */
		85B3C1C52A4987AB0041B3FF /* XCRemoteSwiftPackageReference "firebase-ios-sdk" */ = {
			isa = XCRemoteSwiftPackageReference;
			repositoryURL = "https://github.com/firebase/firebase-ios-sdk";
			requirement = {
				kind = upToNextMajorVersion;
				minimumVersion = 9.0.0;
			};
		};
/* End XCRemoteSwiftPackageReference section */

/* Begin XCSwiftPackageProductDependency section */
		85B3C1C62A4987AB0041B3FF /* FirebaseAnalytics */ = {
			isa = XCSwiftPackageProductDependency;
			package = 85B3C1C52A4987AB0041B3FF /* XCRemoteSwiftPackageReference "firebase-ios-sdk" */;
			productName = FirebaseAnalytics;
		};
		85B3C1C82A4987AB0041B3FF /* FirebaseAnalyticsOnDeviceConversion */ = {
			isa = XCSwiftPackageProductDependency;
			package = 85B3C1C52A4987AB0041B3FF /* XCRemoteSwiftPackageReference "firebase-ios-sdk" */;
			productName = FirebaseAnalyticsOnDeviceConversion;
		};
		85B3C1CA2A4987AB0041B3FF /* FirebaseAnalyticsSwift */ = {
			isa = XCSwiftPackageProductDependency;
			package = 85B3C1C52A4987AB0041B3FF /* XCRemoteSwiftPackageReference "firebase-ios-sdk" */;
			productName = FirebaseAnalyticsSwift;
		};
		85B3C1CC2A4987AB0041B3FF /* FirebaseAnalyticsWithoutAdIdSupport */ = {
			isa = XCSwiftPackageProductDependency;
			package = 85B3C1C52A4987AB0041B3FF /* XCRemoteSwiftPackageReference "firebase-ios-sdk" */;
			productName = FirebaseAnalyticsWithoutAdIdSupport;
		};
		85B3C1CE2A4987AB0041B3FF /* FirebaseAppCheck */ = {
			isa = XCSwiftPackageProductDependency;
			package = 85B3C1C52A4987AB0041B3FF /* XCRemoteSwiftPackageReference "firebase-ios-sdk" */;
			productName = FirebaseAppCheck;
		};
		85B3C1D02A4987AB0041B3FF /* FirebaseAppDistribution-Beta */ = {
			isa = XCSwiftPackageProductDependency;
			package = 85B3C1C52A4987AB0041B3FF /* XCRemoteSwiftPackageReference "firebase-ios-sdk" */;
			productName = "FirebaseAppDistribution-Beta";
		};
		85B3C1D22A4987AB0041B3FF /* FirebaseAuth */ = {
			isa = XCSwiftPackageProductDependency;
			package = 85B3C1C52A4987AB0041B3FF /* XCRemoteSwiftPackageReference "firebase-ios-sdk" */;
			productName = FirebaseAuth;
		};
		85B3C1D42A4987AB0041B3FF /* FirebaseAuthCombine-Community */ = {
			isa = XCSwiftPackageProductDependency;
			package = 85B3C1C52A4987AB0041B3FF /* XCRemoteSwiftPackageReference "firebase-ios-sdk" */;
			productName = "FirebaseAuthCombine-Community";
		};
		85B3C1D62A4987AB0041B3FF /* FirebaseCrashlytics */ = {
			isa = XCSwiftPackageProductDependency;
			package = 85B3C1C52A4987AB0041B3FF /* XCRemoteSwiftPackageReference "firebase-ios-sdk" */;
			productName = FirebaseCrashlytics;
		};
		85B3C1D82A4987AB0041B3FF /* FirebaseDatabase */ = {
			isa = XCSwiftPackageProductDependency;
			package = 85B3C1C52A4987AB0041B3FF /* XCRemoteSwiftPackageReference "firebase-ios-sdk" */;
			productName = FirebaseDatabase;
		};
		85B3C1DA2A4987AB0041B3FF /* FirebaseDatabaseSwift */ = {
			isa = XCSwiftPackageProductDependency;
			package = 85B3C1C52A4987AB0041B3FF /* XCRemoteSwiftPackageReference "firebase-ios-sdk" */;
			productName = FirebaseDatabaseSwift;
		};
		85B3C1DC2A4987AB0041B3FF /* FirebaseDynamicLinks */ = {
			isa = XCSwiftPackageProductDependency;
			package = 85B3C1C52A4987AB0041B3FF /* XCRemoteSwiftPackageReference "firebase-ios-sdk" */;
			productName = FirebaseDynamicLinks;
		};
		85B3C1DE2A4987AB0041B3FF /* FirebaseFirestore */ = {
			isa = XCSwiftPackageProductDependency;
			package = 85B3C1C52A4987AB0041B3FF /* XCRemoteSwiftPackageReference "firebase-ios-sdk" */;
			productName = FirebaseFirestore;
		};
		85B3C1E02A4987AB0041B3FF /* FirebaseFirestoreCombine-Community */ = {
			isa = XCSwiftPackageProductDependency;
			package = 85B3C1C52A4987AB0041B3FF /* XCRemoteSwiftPackageReference "firebase-ios-sdk" */;
			productName = "FirebaseFirestoreCombine-Community";
		};
		85B3C1E22A4987AB0041B3FF /* FirebaseFirestoreSwift */ = {
			isa = XCSwiftPackageProductDependency;
			package = 85B3C1C52A4987AB0041B3FF /* XCRemoteSwiftPackageReference "firebase-ios-sdk" */;
			productName = FirebaseFirestoreSwift;
		};
		85B3C1E42A4987AB0041B3FF /* FirebaseFunctions */ = {
			isa = XCSwiftPackageProductDependency;
			package = 85B3C1C52A4987AB0041B3FF /* XCRemoteSwiftPackageReference "firebase-ios-sdk" */;
			productName = FirebaseFunctions;
		};
		85B3C1E62A4987AB0041B3FF /* FirebaseFunctionsCombine-Community */ = {
			isa = XCSwiftPackageProductDependency;
			package = 85B3C1C52A4987AB0041B3FF /* XCRemoteSwiftPackageReference "firebase-ios-sdk" */;
			productName = "FirebaseFunctionsCombine-Community";
		};
		85B3C1E82A4987AB0041B3FF /* FirebaseInAppMessaging-Beta */ = {
			isa = XCSwiftPackageProductDependency;
			package = 85B3C1C52A4987AB0041B3FF /* XCRemoteSwiftPackageReference "firebase-ios-sdk" */;
			productName = "FirebaseInAppMessaging-Beta";
		};
		85B3C1EA2A4987AB0041B3FF /* FirebaseInAppMessagingSwift-Beta */ = {
			isa = XCSwiftPackageProductDependency;
			package = 85B3C1C52A4987AB0041B3FF /* XCRemoteSwiftPackageReference "firebase-ios-sdk" */;
			productName = "FirebaseInAppMessagingSwift-Beta";
		};
		85B3C1EC2A4987AB0041B3FF /* FirebaseInstallations */ = {
			isa = XCSwiftPackageProductDependency;
			package = 85B3C1C52A4987AB0041B3FF /* XCRemoteSwiftPackageReference "firebase-ios-sdk" */;
			productName = FirebaseInstallations;
		};
		85B3C1EE2A4987AB0041B3FF /* FirebaseMLModelDownloader */ = {
			isa = XCSwiftPackageProductDependency;
			package = 85B3C1C52A4987AB0041B3FF /* XCRemoteSwiftPackageReference "firebase-ios-sdk" */;
			productName = FirebaseMLModelDownloader;
		};
		85B3C1F02A4987AB0041B3FF /* FirebaseMessaging */ = {
			isa = XCSwiftPackageProductDependency;
			package = 85B3C1C52A4987AB0041B3FF /* XCRemoteSwiftPackageReference "firebase-ios-sdk" */;
			productName = FirebaseMessaging;
		};
		85B3C1F22A4987AB0041B3FF /* FirebasePerformance */ = {
			isa = XCSwiftPackageProductDependency;
			package = 85B3C1C52A4987AB0041B3FF /* XCRemoteSwiftPackageReference "firebase-ios-sdk" */;
			productName = FirebasePerformance;
		};
		85B3C1F42A4987AB0041B3FF /* FirebaseRemoteConfig */ = {
			isa = XCSwiftPackageProductDependency;
			package = 85B3C1C52A4987AB0041B3FF /* XCRemoteSwiftPackageReference "firebase-ios-sdk" */;
			productName = FirebaseRemoteConfig;
		};
		85B3C1F62A4987AB0041B3FF /* FirebaseRemoteConfigSwift */ = {
			isa = XCSwiftPackageProductDependency;
			package = 85B3C1C52A4987AB0041B3FF /* XCRemoteSwiftPackageReference "firebase-ios-sdk" */;
			productName = FirebaseRemoteConfigSwift;
		};
		85B3C1F82A4987AB0041B3FF /* FirebaseStorage */ = {
			isa = XCSwiftPackageProductDependency;
			package = 85B3C1C52A4987AB0041B3FF /* XCRemoteSwiftPackageReference "firebase-ios-sdk" */;
			productName = FirebaseStorage;
		};
		85B3C1FA2A4987AB0041B3FF /* FirebaseStorageCombine-Community */ = {
			isa = XCSwiftPackageProductDependency;
			package = 85B3C1C52A4987AB0041B3FF /* XCRemoteSwiftPackageReference "firebase-ios-sdk" */;
			productName = "FirebaseStorageCombine-Community";
		};
/* End XCSwiftPackageProductDependency section */
	};
	rootObject = 3892408F29A187260005AA3D /* Project object */;
}
